PODS:
  - Realm (0.103.2):
    - Realm/Headers (= 0.103.2)
  - Realm/Headers (0.103.2)
  - RealmDefaults (0.4.1):
    - RealmSwift (~> 0.100)
  - RealmSwift (0.103.2):
    - Realm (= 0.103.2)

DEPENDENCIES:
  - RealmDefaults (from `../`)

EXTERNAL SOURCES:
  RealmDefaults:
    :path: "../"

SPEC CHECKSUMS:
  Realm: 448f0416079fe5b0ed947e7d86f3c4e1c75826cb
  RealmDefaults: 7ce789ab815251b78718792c4fbbb0f3db13effa
  RealmSwift: 8a45cc8f02dfac093b72a3b5a01d567e27e15891

PODFILE CHECKSUM: 22976847bea97a5d5eca7892f308c24bb82f91a2

COCOAPODS: 1.0.0
